{
  "name": "kybc-passenger-client",
  "version": "1.0.0",
  "lockfileVersion": 1,
  "requires": true,
  "dependencies": {
    "@turf/bbox": {
      "version": "6.5.0",
      "resolved": "https://registry.nlark.com/@turf/bbox/download/@turf/bbox-6.5.0.tgz",
      "integrity": "sha1-vsMKdEAZ6uQg2snqRvt1yqRNjcU=",
      "requires": {
        "@turf/helpers": "^6.5.0",
        "@turf/meta": "^6.5.0"
      }
    },
    "@turf/bearing": {
      "version": "6.5.0",
      "resolved": "https://registry.nlark.com/@turf/bearing/download/@turf/bearing-6.5.0.tgz",
      "integrity": "sha1-RioFPGxkRDS9tjazn49D+wzYV7A=",
      "requires": {
        "@turf/helpers": "^6.5.0",
        "@turf/invariant": "^6.5.0"
      }
    },
    "@turf/destination": {
      "version": "6.5.0",
      "resolved": "https://registry.nlark.com/@turf/destination/download/@turf/destination-6.5.0.tgz",
      "integrity": "sha1-MKhHAvlnfQdhMOBEDTIjrlA/2uE=",
      "requires": {
        "@turf/helpers": "^6.5.0",
        "@turf/invariant": "^6.5.0"
      }
    },
    "@turf/distance": {
      "version": "6.5.0",
      "resolved": "https://registry.nlark.com/@turf/distance/download/@turf/distance-6.5.0.tgz",
      "integrity": "sha1-IfBNX4boZNVOKr3hbzXBW082FJo=",
      "requires": {
        "@turf/helpers": "^6.5.0",
        "@turf/invariant": "^6.5.0"
      }
    },
    "@turf/helpers": {
      "version": "6.5.0",
      "resolved": "https://registry.nlark.com/@turf/helpers/download/@turf/helpers-6.5.0.tgz",
      "integrity": "sha1-95rwlL1rjOftK9PgiahJPubK6C4="
    },
    "@turf/invariant": {
      "version": "6.5.0",
      "resolved": "https://registry.nlark.com/@turf/invariant/download/@turf/invariant-6.5.0.tgz",
      "integrity": "sha1-lwr8mIAj45x8yrI0G9Bped3HRj8=",
      "requires": {
        "@turf/helpers": "^6.5.0"
      }
    },
    "@turf/line-intersect": {
      "version": "6.5.0",
      "resolved": "https://registry.nlark.com/@turf/line-intersect/download/@turf/line-intersect-6.5.0.tgz",
      "integrity": "sha1-3qSDSLMMCTcV0hldLddSSu5M8CA=",
      "requires": {
        "@turf/helpers": "^6.5.0",
        "@turf/invariant": "^6.5.0",
        "@turf/line-segment": "^6.5.0",
        "@turf/meta": "^6.5.0",
        "geojson-rbush": "3.x"
      }
    },
    "@turf/line-segment": {
      "version": "6.5.0",
      "resolved": "https://registry.nlark.com/@turf/line-segment/download/@turf/line-segment-6.5.0.tgz",
      "integrity": "sha1-7nPz/8t8lWIDtk7ZZtlq84Ck3WU=",
      "requires": {
        "@turf/helpers": "^6.5.0",
        "@turf/invariant": "^6.5.0",
        "@turf/meta": "^6.5.0"
      }
    },
    "@turf/meta": {
      "version": "6.5.0",
      "resolved": "https://registry.nlark.com/@turf/meta/download/@turf/meta-6.5.0.tgz",
      "integrity": "sha1-tyXDZTyfQyEz6qBNNCH35R4EGMo=",
      "requires": {
        "@turf/helpers": "^6.5.0"
      }
    },
    "@turf/nearest-point-on-line": {
      "version": "6.5.0",
      "resolved": "https://registry.nlark.com/@turf/nearest-point-on-line/download/@turf/nearest-point-on-line-6.5.0.tgz",
      "integrity": "sha1-jhzSzcC1rK9MjYs7M7sAjTy5nns=",
      "requires": {
        "@turf/bearing": "^6.5.0",
        "@turf/destination": "^6.5.0",
        "@turf/distance": "^6.5.0",
        "@turf/helpers": "^6.5.0",
        "@turf/invariant": "^6.5.0",
        "@turf/line-intersect": "^6.5.0",
        "@turf/meta": "^6.5.0"
      }
    },
    "@types/geojson": {
      "version": "7946.0.8",
      "resolved": "https://registry.npmmirror.com/@types/geojson/download/@types/geojson-7946.0.8.tgz",
      "integrity": "sha1-MHRK/bOF4pReIvOwM/iX92sfEso="
    },
    "@vant/weapp": {
      "version": "1.10.2",
      "resolved": "https://registry.npmjs.org/@vant/weapp/-/weapp-1.10.2.tgz",
      "integrity": "sha512-caqA0xQxM4lMRncFsRPPVMDdEzUBCJ4xdFXuKReXpEU3qwnVIP/WIjVDIi7mWyS7xqz8C9WfSW5JL4PrlSq31w=="
    },
    "geojson-rbush": {
      "version": "3.2.0",
      "resolved": "https://registry.nlark.com/geojson-rbush/download/geojson-rbush-3.2.0.tgz",
      "integrity": "sha1-i1Q88NVvmbePrx2lK7ZqytbfwpA=",
      "requires": {
        "@turf/bbox": "*",
        "@turf/helpers": "6.x",
        "@turf/meta": "6.x",
        "@types/geojson": "7946.0.8",
        "rbush": "^3.0.1"
      }
    },
    "minimist": {
      "version": "1.2.5",
      "resolved": "https://registry.npm.taobao.org/minimist/download/minimist-1.2.5.tgz?cache=0&sync_timestamp=1606706583368&other_urls=https%3A%2F%2Fregistry.npm.taobao.org%2Fminimist%2Fdownload%2Fminimist-1.2.5.tgz",
      "integrity": "sha1-Z9ZgFLZqaoqqDAg8X9WN9OTpdgI="
    },
    "quickselect": {
      "version": "2.0.0",
      "resolved": "https://registry.npm.taobao.org/quickselect/download/quickselect-2.0.0.tgz",
      "integrity": "sha1-8ZaApIal7vtYEwPgI+mPqvJd0Bg="
    },
    "rbush": {
      "version": "3.0.1",
      "resolved": "https://registry.npm.taobao.org/rbush/download/rbush-3.0.1.tgz",
      "integrity": "sha1-X6+op5s7mv3+UAhAOnIMwd6ILs8=",
      "requires": {
        "quickselect": "^2.0.0"
      }
    },
    "turf-linestring": {
      "version": "1.0.2",
      "resolved": "https://registry.npmmirror.com/turf-linestring/download/turf-linestring-1.0.2.tgz",
      "integrity": "sha512-oXXB/COibgmPCUrVaSxCr5hqJsnSEwFvwGkC7hOx6KwlGfHTnhakLCM3BKeRHIfpwMT+Oo+WxJvagAh8UTUeSg=="
    },
    "turf-point": {
      "version": "2.0.1",
      "resolved": "https://registry.npm.taobao.org/turf-point/download/turf-point-2.0.1.tgz",
      "integrity": "sha1-otzDCi0g9Ez1xicd97riwOIUYGk=",
      "requires": {
        "minimist": "^1.1.0"
      }
    }
  }
}
